
Microsoft Visual Studio Solution File, Format Version 12.00
# Visual Studio 2012
Project("{FAE04EC0-301F-11D3-BF4B-00C04F79EFBC}") = "DataDrop", "DataDrop\DataDrop.csproj", "{F140840C-4138-4CEB-8E16-71ECF461B049}"
EndProject
Project("{FAE04EC0-301F-11D3-BF4B-00C04F79EFBC}") = "Demo", "Demo\Demo.csproj", "{E357CCFF-194C-4EBB-8A76-FB77600F858A}"
EndProject
Project("{FAE04EC0-301F-11D3-BF4B-00C04F79EFBC}") = "UNAMEPASSDEMO", "UNAMEPASSDEMO\UNAMEPASSDEMO.csproj", "{F82B5968-2461-4C01-95E1-90351607A301}"
EndProject
Project("{5DD5E4FA-CB73-4610-85AB-557B54E96AA9}") = "DataDrop.DB", "DataDrop.DB\DataDrop.DB.nuproj", "{B861837D-2C1D-4418-9932-DB4081B65E98}"
EndProject
Project("{FAE04EC0-301F-11D3-BF4B-00C04F79EFBC}") = "Unit_Tests", "Unit_Tests\Unit_Tests.csproj", "{56FCDA77-302A-4A0F-AA93-D3B9C6A90A4F}"
EndProject
Project("{FAE04EC0-301F-11D3-BF4B-00C04F79EFBC}") = "NuGet_Unit_Tests", "NuGet_Unit_Tests\NuGet_Unit_Tests.csproj", "{EBB3120A-7511-420B-9BDE-87D35840E88C}"
EndProject
Global
	GlobalSection(SolutionConfigurationPlatforms) = preSolution
		Debug|Any CPU = Debug|Any CPU
		Release|Any CPU = Release|Any CPU
	EndGlobalSection
	GlobalSection(ProjectConfigurationPlatforms) = postSolution
		{F140840C-4138-4CEB-8E16-71ECF461B049}.Debug|Any CPU.ActiveCfg = Debug|Any CPU
		{F140840C-4138-4CEB-8E16-71ECF461B049}.Debug|Any CPU.Build.0 = Debug|Any CPU
		{F140840C-4138-4CEB-8E16-71ECF461B049}.Release|Any CPU.ActiveCfg = Release|Any CPU
		{F140840C-4138-4CEB-8E16-71ECF461B049}.Release|Any CPU.Build.0 = Release|Any CPU
		{E357CCFF-194C-4EBB-8A76-FB77600F858A}.Debug|Any CPU.ActiveCfg = Debug|Any CPU
		{E357CCFF-194C-4EBB-8A76-FB77600F858A}.Debug|Any CPU.Build.0 = Debug|Any CPU
		{E357CCFF-194C-4EBB-8A76-FB77600F858A}.Release|Any CPU.ActiveCfg = Release|Any CPU
		{E357CCFF-194C-4EBB-8A76-FB77600F858A}.Release|Any CPU.Build.0 = Release|Any CPU
		{F82B5968-2461-4C01-95E1-90351607A301}.Debug|Any CPU.ActiveCfg = Debug|Any CPU
		{F82B5968-2461-4C01-95E1-90351607A301}.Debug|Any CPU.Build.0 = Debug|Any CPU
		{F82B5968-2461-4C01-95E1-90351607A301}.Release|Any CPU.ActiveCfg = Release|Any CPU
		{F82B5968-2461-4C01-95E1-90351607A301}.Release|Any CPU.Build.0 = Release|Any CPU
		{B861837D-2C1D-4418-9932-DB4081B65E98}.Debug|Any CPU.ActiveCfg = Debug|Any CPU
		{B861837D-2C1D-4418-9932-DB4081B65E98}.Debug|Any CPU.Build.0 = Debug|Any CPU
		{B861837D-2C1D-4418-9932-DB4081B65E98}.Release|Any CPU.ActiveCfg = Release|Any CPU
		{B861837D-2C1D-4418-9932-DB4081B65E98}.Release|Any CPU.Build.0 = Release|Any CPU
		{56FCDA77-302A-4A0F-AA93-D3B9C6A90A4F}.Debug|Any CPU.ActiveCfg = Debug|Any CPU
		{56FCDA77-302A-4A0F-AA93-D3B9C6A90A4F}.Debug|Any CPU.Build.0 = Debug|Any CPU
		{56FCDA77-302A-4A0F-AA93-D3B9C6A90A4F}.Release|Any CPU.ActiveCfg = Release|Any CPU
		{56FCDA77-302A-4A0F-AA93-D3B9C6A90A4F}.Release|Any CPU.Build.0 = Release|Any CPU
		{EBB3120A-7511-420B-9BDE-87D35840E88C}.Debug|Any CPU.ActiveCfg = Debug|Any CPU
		{EBB3120A-7511-420B-9BDE-87D35840E88C}.Debug|Any CPU.Build.0 = Debug|Any CPU
		{EBB3120A-7511-420B-9BDE-87D35840E88C}.Release|Any CPU.ActiveCfg = Release|Any CPU
		{EBB3120A-7511-420B-9BDE-87D35840E88C}.Release|Any CPU.Build.0 = Release|Any CPU
	EndGlobalSection
EndGlobal
